
Microsoft Visual Studio Solution File, Format Version 12.00
# Visual Studio Version 16
VisualStudioVersion = 16.0.31005.135
MinimumVisualStudioVersion = 10.0.40219.1
Project("{9A19103F-16F7-4668-BE54-9A1E7A4F7556}") = "Grpc.Reactive", "Grpc.Reactive\Grpc.Reactive.csproj", "{47E5A4F4-749A-4F1E-8EBD-D4F975BA5620}"
EndProject
Project("{FAE04EC0-301F-11D3-BF4B-00C04F79EFBC}") = "Grpc.Reactive.Test", "Grpc.Reactive.Test\Grpc.Reactive.Test.csproj", "{8DF34C23-C80D-4301-ABEA-B53FC54D92F2}"
EndProject
Global
	GlobalSection(SolutionConfigurationPlatforms) = preSolution
		Debug|Any CPU = Debug|Any CPU
		Release|Any CPU = Release|Any CPU
	EndGlobalSection
	GlobalSection(ProjectConfigurationPlatforms) = postSolution
		{47E5A4F4-749A-4F1E-8EBD-D4F975BA5620}.Debug|Any CPU.ActiveCfg = Debug|Any CPU
		{47E5A4F4-749A-4F1E-8EBD-D4F975BA5620}.Debug|Any CPU.Build.0 = Debug|Any CPU
		{47E5A4F4-749A-4F1E-8EBD-D4F975BA5620}.Release|Any CPU.ActiveCfg = Release|Any CPU
		{47E5A4F4-749A-4F1E-8EBD-D4F975BA5620}.Release|Any CPU.Build.0 = Release|Any CPU
		{8DF34C23-C80D-4301-ABEA-B53FC54D92F2}.Debug|Any CPU.ActiveCfg = Debug|Any CPU
		{8DF34C23-C80D-4301-ABEA-B53FC54D92F2}.Debug|Any CPU.Build.0 = Debug|Any CPU
		{8DF34C23-C80D-4301-ABEA-B53FC54D92F2}.Release|Any CPU.ActiveCfg = Release|Any CPU
		{8DF34C23-C80D-4301-ABEA-B53FC54D92F2}.Release|Any CPU.Build.0 = Release|Any CPU
	EndGlobalSection
	GlobalSection(SolutionProperties) = preSolution
		HideSolutionNode = FALSE
	EndGlobalSection
	GlobalSection(ExtensibilityGlobals) = postSolution
		SolutionGuid = {51C0188A-B06C-42A7-9B37-485793B36860}
	EndGlobalSection
EndGlobal
